
Microsoft Visual Studio Solution File, Format Version 12.00
# Visual Studio Version 17
VisualStudioVersion = 17.0.31903.59
MinimumVisualStudioVersion = 10.0.40219.1
Project("{2150E333-8FDC-42A3-9474-1A3956D46DE8}") = "src", "src", "{827E0CD3-B72D-47B6-A68D-7590B98EB39B}"
EndProject
Project("{FAE04EC0-301F-11D3-BF4B-00C04F79EFBC}") = "ModelMeister.Model", "src\ModelMeister.Model\ModelMeister.Model.csproj", "{E36B4B5B-AE3B-4362-959E-5845F7B64DD4}"
EndProject
Project("{FAE04EC0-301F-11D3-BF4B-00C04F79EFBC}") = "ModelMeister.Inriver", "src\ModelMeister.Inriver\ModelMeister.Inriver.csproj", "{80BDB7FC-A268-4D4D-BCE3-F26EC031C0C3}"
EndProject
Project("{FAE04EC0-301F-11D3-BF4B-00C04F79EFBC}") = "ModelMeister.Scaffolder", "src\ModelMeister.Scaffolder\ModelMeister.Scaffolder.csproj", "{B380DE59-5F7B-44A5-81F2-EB575E3ADEA7}"
EndProject
Project("{FAE04EC0-301F-11D3-BF4B-00C04F79EFBC}") = "ModelMeister.Cli", "src\ModelMeister.Cli\ModelMeister.Cli.csproj", "{AA4E94DD-CBE5-4213-B9D0-CC54B48050A1}"
EndProject
Project("{FAE04EC0-301F-11D3-BF4B-00C04F79EFBC}") = "ModelMeister.ExampleModel", "examples\ModelMeister.ExampleModel\ModelMeister.ExampleModel.csproj", "{85811CE2-5C03-4037-8C53-F1AF3B14DA32}"
EndProject
Project("{FAE04EC0-301F-11D3-BF4B-00C04F79EFBC}") = "ModelMeister.Model.Tests", "tests\ModelMeister.Model.Tests\ModelMeister.Model.Tests.csproj", "{7B04B980-7669-4C0D-8BD0-C360DE6CD630}"
EndProject
Project("{FAE04EC0-301F-11D3-BF4B-00C04F79EFBC}") = "ModelMeister.Inriver.Tests", "tests\ModelMeister.Inriver.Tests\ModelMeister.Inriver.Tests.csproj", "{248A7C65-E735-4819-8C00-AE3699E3A5D7}"
EndProject
Project("{FAE04EC0-301F-11D3-BF4B-00C04F79EFBC}") = "ModelMeister.Scaffolder.Tests", "tests\ModelMeister.Scaffolder.Tests\ModelMeister.Scaffolder.Tests.csproj", "{54052548-45A2-460C-BD14-1BEFEBBF3E00}"
EndProject
Project("{FAE04EC0-301F-11D3-BF4B-00C04F79EFBC}") = "ModelMeister.Loading", "src\ModelMeister.Loading\ModelMeister.Loading.csproj", "{F2BDC8F1-D939-4D27-9D77-51C5EEC3CA85}"
EndProject
Project("{FAE04EC0-301F-11D3-BF4B-00C04F79EFBC}") = "ModelMeister.Ui", "src\ModelMeister.Ui\ModelMeister.Ui.csproj", "{241B1F28-48CE-4162-A964-1F438A564927}"
EndProject
Project("{FAE04EC0-301F-11D3-BF4B-00C04F79EFBC}") = "ModelMeister.Excel", "src\ModelMeister.Excel\ModelMeister.Excel.csproj", "{FF8EE19D-E5F3-417C-A95F-E7BA605B75AA}"
EndProject
Project("{FAE04EC0-301F-11D3-BF4B-00C04F79EFBC}") = "ModelMeister.Rest", "src\ModelMeister.Rest\ModelMeister.Rest.csproj", "{27776BA3-73B9-4AB3-9B45-EF04CDA13AF9}"
EndProject
Project("{2150E333-8FDC-42A3-9474-1A3956D46DE8}") = "tests", "tests", "{0AB3BF05-4346-4AA6-1389-037BE0695223}"
EndProject
Project("{FAE04EC0-301F-11D3-BF4B-00C04F79EFBC}") = "ModelMeister.Excel.Tests", "tests\ModelMeister.Excel.Tests\ModelMeister.Excel.Tests.csproj", "{EE923EC9-9A3E-4C01-8C4C-67BECF895327}"
EndProject
Global
	GlobalSection(SolutionConfigurationPlatforms) = preSolution
		Debug|Any CPU = Debug|Any CPU
		Debug|x64 = Debug|x64
		Debug|x86 = Debug|x86
		Release|Any CPU = Release|Any CPU
		Release|x64 = Release|x64
		Release|x86 = Release|x86
	EndGlobalSection
	GlobalSection(ProjectConfigurationPlatforms) = postSolution
		{E36B4B5B-AE3B-4362-959E-5845F7B64DD4}.Debug|Any CPU.ActiveCfg = Debug|Any CPU
		{E36B4B5B-AE3B-4362-959E-5845F7B64DD4}.Debug|Any CPU.Build.0 = Debug|Any CPU
		{E36B4B5B-AE3B-4362-959E-5845F7B64DD4}.Debug|x64.ActiveCfg = Debug|Any CPU
		{E36B4B5B-AE3B-4362-959E-5845F7B64DD4}.Debug|x64.Build.0 = Debug|Any CPU
		{E36B4B5B-AE3B-4362-959E-5845F7B64DD4}.Debug|x86.ActiveCfg = Debug|Any CPU
		{E36B4B5B-AE3B-4362-959E-5845F7B64DD4}.Debug|x86.Build.0 = Debug|Any CPU
		{E36B4B5B-AE3B-4362-959E-5845F7B64DD4}.Release|Any CPU.ActiveCfg = Release|Any CPU
		{E36B4B5B-AE3B-4362-959E-5845F7B64DD4}.Release|Any CPU.Build.0 = Release|Any CPU
		{E36B4B5B-AE3B-4362-959E-5845F7B64DD4}.Release|x64.ActiveCfg = Release|Any CPU
		{E36B4B5B-AE3B-4362-959E-5845F7B64DD4}.Release|x64.Build.0 = Release|Any CPU
		{E36B4B5B-AE3B-4362-959E-5845F7B64DD4}.Release|x86.ActiveCfg = Release|Any CPU
		{E36B4B5B-AE3B-4362-959E-5845F7B64DD4}.Release|x86.Build.0 = Release|Any CPU
		{80BDB7FC-A268-4D4D-BCE3-F26EC031C0C3}.Debug|Any CPU.ActiveCfg = Debug|Any CPU
		{80BDB7FC-A268-4D4D-BCE3-F26EC031C0C3}.Debug|Any CPU.Build.0 = Debug|Any CPU
		{80BDB7FC-A268-4D4D-BCE3-F26EC031C0C3}.Debug|x64.ActiveCfg = Debug|Any CPU
		{80BDB7FC-A268-4D4D-BCE3-F26EC031C0C3}.Debug|x64.Build.0 = Debug|Any CPU
		{80BDB7FC-A268-4D4D-BCE3-F26EC031C0C3}.Debug|x86.ActiveCfg = Debug|Any CPU
		{80BDB7FC-A268-4D4D-BCE3-F26EC031C0C3}.Debug|x86.Build.0 = Debug|Any CPU
		{80BDB7FC-A268-4D4D-BCE3-F26EC031C0C3}.Release|Any CPU.ActiveCfg = Release|Any CPU
		{80BDB7FC-A268-4D4D-BCE3-F26EC031C0C3}.Release|Any CPU.Build.0 = Release|Any CPU
		{80BDB7FC-A268-4D4D-BCE3-F26EC031C0C3}.Release|x64.ActiveCfg = Release|Any CPU
		{80BDB7FC-A268-4D4D-BCE3-F26EC031C0C3}.Release|x64.Build.0 = Release|Any CPU
		{80BDB7FC-A268-4D4D-BCE3-F26EC031C0C3}.Release|x86.ActiveCfg = Release|Any CPU
		{80BDB7FC-A268-4D4D-BCE3-F26EC031C0C3}.Release|x86.Build.0 = Release|Any CPU
		{B380DE59-5F7B-44A5-81F2-EB575E3ADEA7}.Debug|Any CPU.ActiveCfg = Debug|Any CPU
		{B380DE59-5F7B-44A5-81F2-EB575E3ADEA7}.Debug|Any CPU.Build.0 = Debug|Any CPU
		{B380DE59-5F7B-44A5-81F2-EB575E3ADEA7}.Debug|x64.ActiveCfg = Debug|Any CPU
		{B380DE59-5F7B-44A5-81F2-EB575E3ADEA7}.Debug|x64.Build.0 = Debug|Any CPU
		{B380DE59-5F7B-44A5-81F2-EB575E3ADEA7}.Debug|x86.ActiveCfg = Debug|Any CPU
		{B380DE59-5F7B-44A5-81F2-EB575E3ADEA7}.Debug|x86.Build.0 = Debug|Any CPU
		{B380DE59-5F7B-44A5-81F2-EB575E3ADEA7}.Release|Any CPU.ActiveCfg = Release|Any CPU
		{B380DE59-5F7B-44A5-81F2-EB575E3ADEA7}.Release|Any CPU.Build.0 = Release|Any CPU
		{B380DE59-5F7B-44A5-81F2-EB575E3ADEA7}.Release|x64.ActiveCfg = Release|Any CPU
		{B380DE59-5F7B-44A5-81F2-EB575E3ADEA7}.Release|x64.Build.0 = Release|Any CPU
		{B380DE59-5F7B-44A5-81F2-EB575E3ADEA7}.Release|x86.ActiveCfg = Release|Any CPU
		{B380DE59-5F7B-44A5-81F2-EB575E3ADEA7}.Release|x86.Build.0 = Release|Any CPU
		{AA4E94DD-CBE5-4213-B9D0-CC54B48050A1}.Debug|Any CPU.ActiveCfg = Debug|Any CPU
		{AA4E94DD-CBE5-4213-B9D0-CC54B48050A1}.Debug|Any CPU.Build.0 = Debug|Any CPU
		{AA4E94DD-CBE5-4213-B9D0-CC54B48050A1}.Debug|x64.ActiveCfg = Debug|Any CPU
		{AA4E94DD-CBE5-4213-B9D0-CC54B48050A1}.Debug|x64.Build.0 = Debug|Any CPU
		{AA4E94DD-CBE5-4213-B9D0-CC54B48050A1}.Debug|x86.ActiveCfg = Debug|Any CPU
		{AA4E94DD-CBE5-4213-B9D0-CC54B48050A1}.Debug|x86.Build.0 = Debug|Any CPU
		{AA4E94DD-CBE5-4213-B9D0-CC54B48050A1}.Release|Any CPU.ActiveCfg = Release|Any CPU
		{AA4E94DD-CBE5-4213-B9D0-CC54B48050A1}.Release|Any CPU.Build.0 = Release|Any CPU
		{AA4E94DD-CBE5-4213-B9D0-CC54B48050A1}.Release|x64.ActiveCfg = Release|Any CPU
		{AA4E94DD-CBE5-4213-B9D0-CC54B48050A1}.Release|x64.Build.0 = Release|Any CPU
		{AA4E94DD-CBE5-4213-B9D0-CC54B48050A1}.Release|x86.ActiveCfg = Release|Any CPU
		{AA4E94DD-CBE5-4213-B9D0-CC54B48050A1}.Release|x86.Build.0 = Release|Any CPU
		{85811CE2-5C03-4037-8C53-F1AF3B14DA32}.Debug|Any CPU.ActiveCfg = Debug|Any CPU
		{85811CE2-5C03-4037-8C53-F1AF3B14DA32}.Debug|Any CPU.Build.0 = Debug|Any CPU
		{85811CE2-5C03-4037-8C53-F1AF3B14DA32}.Debug|x64.ActiveCfg = Debug|Any CPU
		{85811CE2-5C03-4037-8C53-F1AF3B14DA32}.Debug|x64.Build.0 = Debug|Any CPU
		{85811CE2-5C03-4037-8C53-F1AF3B14DA32}.Debug|x86.ActiveCfg = Debug|Any CPU
		{85811CE2-5C03-4037-8C53-F1AF3B14DA32}.Debug|x86.Build.0 = Debug|Any CPU
		{85811CE2-5C03-4037-8C53-F1AF3B14DA32}.Release|Any CPU.ActiveCfg = Release|Any CPU
		{85811CE2-5C03-4037-8C53-F1AF3B14DA32}.Release|Any CPU.Build.0 = Release|Any CPU
		{85811CE2-5C03-4037-8C53-F1AF3B14DA32}.Release|x64.ActiveCfg = Release|Any CPU
		{85811CE2-5C03-4037-8C53-F1AF3B14DA32}.Release|x64.Build.0 = Release|Any CPU
		{85811CE2-5C03-4037-8C53-F1AF3B14DA32}.Release|x86.ActiveCfg = Release|Any CPU
		{85811CE2-5C03-4037-8C53-F1AF3B14DA32}.Release|x86.Build.0 = Release|Any CPU
		{7B04B980-7669-4C0D-8BD0-C360DE6CD630}.Debug|Any CPU.ActiveCfg = Debug|Any CPU
		{7B04B980-7669-4C0D-8BD0-C360DE6CD630}.Debug|Any CPU.Build.0 = Debug|Any CPU
		{7B04B980-7669-4C0D-8BD0-C360DE6CD630}.Debug|x64.ActiveCfg = Debug|Any CPU
		{7B04B980-7669-4C0D-8BD0-C360DE6CD630}.Debug|x64.Build.0 = Debug|Any CPU
		{7B04B980-7669-4C0D-8BD0-C360DE6CD630}.Debug|x86.ActiveCfg = Debug|Any CPU
		{7B04B980-7669-4C0D-8BD0-C360DE6CD630}.Debug|x86.Build.0 = Debug|Any CPU
		{7B04B980-7669-4C0D-8BD0-C360DE6CD630}.Release|Any CPU.ActiveCfg = Release|Any CPU
		{7B04B980-7669-4C0D-8BD0-C360DE6CD630}.Release|Any CPU.Build.0 = Release|Any CPU
		{7B04B980-7669-4C0D-8BD0-C360DE6CD630}.Release|x64.ActiveCfg = Release|Any CPU
		{7B04B980-7669-4C0D-8BD0-C360DE6CD630}.Release|x64.Build.0 = Release|Any CPU
		{7B04B980-7669-4C0D-8BD0-C360DE6CD630}.Release|x86.ActiveCfg = Release|Any CPU
		{7B04B980-7669-4C0D-8BD0-C360DE6CD630}.Release|x86.Build.0 = Release|Any CPU
		{248A7C65-E735-4819-8C00-AE3699E3A5D7}.Debug|Any CPU.ActiveCfg = Debug|Any CPU
		{248A7C65-E735-4819-8C00-AE3699E3A5D7}.Debug|Any CPU.Build.0 = Debug|Any CPU
		{248A7C65-E735-4819-8C00-AE3699E3A5D7}.Debug|x64.ActiveCfg = Debug|Any CPU
		{248A7C65-E735-4819-8C00-AE3699E3A5D7}.Debug|x64.Build.0 = Debug|Any CPU
		{248A7C65-E735-4819-8C00-AE3699E3A5D7}.Debug|x86.ActiveCfg = Debug|Any CPU
		{248A7C65-E735-4819-8C00-AE3699E3A5D7}.Debug|x86.Build.0 = Debug|Any CPU
		{248A7C65-E735-4819-8C00-AE3699E3A5D7}.Release|Any CPU.ActiveCfg = Release|Any CPU
		{248A7C65-E735-4819-8C00-AE3699E3A5D7}.Release|Any CPU.Build.0 = Release|Any CPU
		{248A7C65-E735-4819-8C00-AE3699E3A5D7}.Release|x64.ActiveCfg = Release|Any CPU
		{248A7C65-E735-4819-8C00-AE3699E3A5D7}.Release|x64.Build.0 = Release|Any CPU
		{248A7C65-E735-4819-8C00-AE3699E3A5D7}.Release|x86.ActiveCfg = Release|Any CPU
		{248A7C65-E735-4819-8C00-AE3699E3A5D7}.Release|x86.Build.0 = Release|Any CPU
		{54052548-45A2-460C-BD14-1BEFEBBF3E00}.Debug|Any CPU.ActiveCfg = Debug|Any CPU
		{54052548-45A2-460C-BD14-1BEFEBBF3E00}.Debug|Any CPU.Build.0 = Debug|Any CPU
		{54052548-45A2-460C-BD14-1BEFEBBF3E00}.Debug|x64.ActiveCfg = Debug|Any CPU
		{54052548-45A2-460C-BD14-1BEFEBBF3E00}.Debug|x64.Build.0 = Debug|Any CPU
		{54052548-45A2-460C-BD14-1BEFEBBF3E00}.Debug|x86.ActiveCfg = Debug|Any CPU
		{54052548-45A2-460C-BD14-1BEFEBBF3E00}.Debug|x86.Build.0 = Debug|Any CPU
		{54052548-45A2-460C-BD14-1BEFEBBF3E00}.Release|Any CPU.ActiveCfg = Release|Any CPU
		{54052548-45A2-460C-BD14-1BEFEBBF3E00}.Release|Any CPU.Build.0 = Release|Any CPU
		{54052548-45A2-460C-BD14-1BEFEBBF3E00}.Release|x64.ActiveCfg = Release|Any CPU
		{54052548-45A2-460C-BD14-1BEFEBBF3E00}.Release|x64.Build.0 = Release|Any CPU
		{54052548-45A2-460C-BD14-1BEFEBBF3E00}.Release|x86.ActiveCfg = Release|Any CPU
		{54052548-45A2-460C-BD14-1BEFEBBF3E00}.Release|x86.Build.0 = Release|Any CPU
		{F2BDC8F1-D939-4D27-9D77-51C5EEC3CA85}.Debug|Any CPU.ActiveCfg = Debug|Any CPU
		{F2BDC8F1-D939-4D27-9D77-51C5EEC3CA85}.Debug|Any CPU.Build.0 = Debug|Any CPU
		{F2BDC8F1-D939-4D27-9D77-51C5EEC3CA85}.Debug|x64.ActiveCfg = Debug|Any CPU
		{F2BDC8F1-D939-4D27-9D77-51C5EEC3CA85}.Debug|x64.Build.0 = Debug|Any CPU
		{F2BDC8F1-D939-4D27-9D77-51C5EEC3CA85}.Debug|x86.ActiveCfg = Debug|Any CPU
		{F2BDC8F1-D939-4D27-9D77-51C5EEC3CA85}.Debug|x86.Build.0 = Debug|Any CPU
		{F2BDC8F1-D939-4D27-9D77-51C5EEC3CA85}.Release|Any CPU.ActiveCfg = Release|Any CPU
		{F2BDC8F1-D939-4D27-9D77-51C5EEC3CA85}.Release|Any CPU.Build.0 = Release|Any CPU
		{F2BDC8F1-D939-4D27-9D77-51C5EEC3CA85}.Release|x64.ActiveCfg = Release|Any CPU
		{F2BDC8F1-D939-4D27-9D77-51C5EEC3CA85}.Release|x64.Build.0 = Release|Any CPU
		{F2BDC8F1-D939-4D27-9D77-51C5EEC3CA85}.Release|x86.ActiveCfg = Release|Any CPU
		{F2BDC8F1-D939-4D27-9D77-51C5EEC3CA85}.Release|x86.Build.0 = Release|Any CPU
		{241B1F28-48CE-4162-A964-1F438A564927}.Debug|Any CPU.ActiveCfg = Debug|Any CPU
		{241B1F28-48CE-4162-A964-1F438A564927}.Debug|Any CPU.Build.0 = Debug|Any CPU
		{241B1F28-48CE-4162-A964-1F438A564927}.Debug|x64.ActiveCfg = Debug|Any CPU
		{241B1F28-48CE-4162-A964-1F438A564927}.Debug|x64.Build.0 = Debug|Any CPU
		{241B1F28-48CE-4162-A964-1F438A564927}.Debug|x86.ActiveCfg = Debug|Any CPU
		{241B1F28-48CE-4162-A964-1F438A564927}.Debug|x86.Build.0 = Debug|Any CPU
		{241B1F28-48CE-4162-A964-1F438A564927}.Release|Any CPU.ActiveCfg = Release|Any CPU
		{241B1F28-48CE-4162-A964-1F438A564927}.Release|Any CPU.Build.0 = Release|Any CPU
		{241B1F28-48CE-4162-A964-1F438A564927}.Release|x64.ActiveCfg = Release|Any CPU
		{241B1F28-48CE-4162-A964-1F438A564927}.Release|x64.Build.0 = Release|Any CPU
		{241B1F28-48CE-4162-A964-1F438A564927}.Release|x86.ActiveCfg = Release|Any CPU
		{241B1F28-48CE-4162-A964-1F438A564927}.Release|x86.Build.0 = Release|Any CPU
		{FF8EE19D-E5F3-417C-A95F-E7BA605B75AA}.Debug|Any CPU.ActiveCfg = Debug|Any CPU
		{FF8EE19D-E5F3-417C-A95F-E7BA605B75AA}.Debug|Any CPU.Build.0 = Debug|Any CPU
		{FF8EE19D-E5F3-417C-A95F-E7BA605B75AA}.Debug|x64.ActiveCfg = Debug|Any CPU
		{FF8EE19D-E5F3-417C-A95F-E7BA605B75AA}.Debug|x64.Build.0 = Debug|Any CPU
		{FF8EE19D-E5F3-417C-A95F-E7BA605B75AA}.Debug|x86.ActiveCfg = Debug|Any CPU
		{FF8EE19D-E5F3-417C-A95F-E7BA605B75AA}.Debug|x86.Build.0 = Debug|Any CPU
		{FF8EE19D-E5F3-417C-A95F-E7BA605B75AA}.Release|Any CPU.ActiveCfg = Release|Any CPU
		{FF8EE19D-E5F3-417C-A95F-E7BA605B75AA}.Release|Any CPU.Build.0 = Release|Any CPU
		{FF8EE19D-E5F3-417C-A95F-E7BA605B75AA}.Release|x64.ActiveCfg = Release|Any CPU
		{FF8EE19D-E5F3-417C-A95F-E7BA605B75AA}.Release|x64.Build.0 = Release|Any CPU
		{FF8EE19D-E5F3-417C-A95F-E7BA605B75AA}.Release|x86.ActiveCfg = Release|Any CPU
		{FF8EE19D-E5F3-417C-A95F-E7BA605B75AA}.Release|x86.Build.0 = Release|Any CPU
		{27776BA3-73B9-4AB3-9B45-EF04CDA13AF9}.Debug|Any CPU.ActiveCfg = Debug|Any CPU
		{27776BA3-73B9-4AB3-9B45-EF04CDA13AF9}.Debug|Any CPU.Build.0 = Debug|Any CPU
		{27776BA3-73B9-4AB3-9B45-EF04CDA13AF9}.Debug|x64.ActiveCfg = Debug|Any CPU
		{27776BA3-73B9-4AB3-9B45-EF04CDA13AF9}.Debug|x64.Build.0 = Debug|Any CPU
		{27776BA3-73B9-4AB3-9B45-EF04CDA13AF9}.Debug|x86.ActiveCfg = Debug|Any CPU
		{27776BA3-73B9-4AB3-9B45-EF04CDA13AF9}.Debug|x86.Build.0 = Debug|Any CPU
		{27776BA3-73B9-4AB3-9B45-EF04CDA13AF9}.Release|Any CPU.ActiveCfg = Release|Any CPU
		{27776BA3-73B9-4AB3-9B45-EF04CDA13AF9}.Release|Any CPU.Build.0 = Release|Any CPU
		{27776BA3-73B9-4AB3-9B45-EF04CDA13AF9}.Release|x64.ActiveCfg = Release|Any CPU
		{27776BA3-73B9-4AB3-9B45-EF04CDA13AF9}.Release|x64.Build.0 = Release|Any CPU
		{27776BA3-73B9-4AB3-9B45-EF04CDA13AF9}.Release|x86.ActiveCfg = Release|Any CPU
		{27776BA3-73B9-4AB3-9B45-EF04CDA13AF9}.Release|x86.Build.0 = Release|Any CPU
		{EE923EC9-9A3E-4C01-8C4C-67BECF895327}.Debug|Any CPU.ActiveCfg = Debug|Any CPU
		{EE923EC9-9A3E-4C01-8C4C-67BECF895327}.Debug|Any CPU.Build.0 = Debug|Any CPU
		{EE923EC9-9A3E-4C01-8C4C-67BECF895327}.Debug|x64.ActiveCfg = Debug|Any CPU
		{EE923EC9-9A3E-4C01-8C4C-67BECF895327}.Debug|x64.Build.0 = Debug|Any CPU
		{EE923EC9-9A3E-4C01-8C4C-67BECF895327}.Debug|x86.ActiveCfg = Debug|Any CPU
		{EE923EC9-9A3E-4C01-8C4C-67BECF895327}.Debug|x86.Build.0 = Debug|Any CPU
		{EE923EC9-9A3E-4C01-8C4C-67BECF895327}.Release|Any CPU.ActiveCfg = Release|Any CPU
		{EE923EC9-9A3E-4C01-8C4C-67BECF895327}.Release|Any CPU.Build.0 = Release|Any CPU
		{EE923EC9-9A3E-4C01-8C4C-67BECF895327}.Release|x64.ActiveCfg = Release|Any CPU
		{EE923EC9-9A3E-4C01-8C4C-67BECF895327}.Release|x64.Build.0 = Release|Any CPU
		{EE923EC9-9A3E-4C01-8C4C-67BECF895327}.Release|x86.ActiveCfg = Release|Any CPU
		{EE923EC9-9A3E-4C01-8C4C-67BECF895327}.Release|x86.Build.0 = Release|Any CPU
	EndGlobalSection
	GlobalSection(SolutionProperties) = preSolution
		HideSolutionNode = FALSE
	EndGlobalSection
	GlobalSection(NestedProjects) = preSolution
		{E36B4B5B-AE3B-4362-959E-5845F7B64DD4} = {827E0CD3-B72D-47B6-A68D-7590B98EB39B}
		{80BDB7FC-A268-4D4D-BCE3-F26EC031C0C3} = {827E0CD3-B72D-47B6-A68D-7590B98EB39B}
		{B380DE59-5F7B-44A5-81F2-EB575E3ADEA7} = {827E0CD3-B72D-47B6-A68D-7590B98EB39B}
		{AA4E94DD-CBE5-4213-B9D0-CC54B48050A1} = {827E0CD3-B72D-47B6-A68D-7590B98EB39B}
		{85811CE2-5C03-4037-8C53-F1AF3B14DA32} = {827E0CD3-B72D-47B6-A68D-7590B98EB39B}
		{7B04B980-7669-4C0D-8BD0-C360DE6CD630} = {827E0CD3-B72D-47B6-A68D-7590B98EB39B}
		{248A7C65-E735-4819-8C00-AE3699E3A5D7} = {827E0CD3-B72D-47B6-A68D-7590B98EB39B}
		{54052548-45A2-460C-BD14-1BEFEBBF3E00} = {827E0CD3-B72D-47B6-A68D-7590B98EB39B}
		{F2BDC8F1-D939-4D27-9D77-51C5EEC3CA85} = {827E0CD3-B72D-47B6-A68D-7590B98EB39B}
		{241B1F28-48CE-4162-A964-1F438A564927} = {827E0CD3-B72D-47B6-A68D-7590B98EB39B}
		{FF8EE19D-E5F3-417C-A95F-E7BA605B75AA} = {827E0CD3-B72D-47B6-A68D-7590B98EB39B}
		{27776BA3-73B9-4AB3-9B45-EF04CDA13AF9} = {827E0CD3-B72D-47B6-A68D-7590B98EB39B}
		{EE923EC9-9A3E-4C01-8C4C-67BECF895327} = {0AB3BF05-4346-4AA6-1389-037BE0695223}
	EndGlobalSection
EndGlobal
